
Microsoft Visual Studio Solution File, Format Version 12.00
# Visual Studio Version 17
VisualStudioVersion = 17.6.33829.357
MinimumVisualStudioVersion = 10.0.40219.1
Project("{FAE04EC0-301F-11D3-BF4B-00C04F79EFBC}") = "DesktopDivoom", "DesktopDivoom.csproj", "{784DA088-3440-4E62-93A7-39AF3A04F3FD}"
EndProject
Global
	GlobalSection(SolutionConfigurationPlatforms) = preSolution
		Debug|Any CPU = Debug|Any CPU
		Release|Any CPU = Release|Any CPU
	EndGlobalSection
	GlobalSection(ProjectConfigurationPlatforms) = postSolution
		{784DA088-3440-4E62-93A7-39AF3A04F3FD}.Debug|Any CPU.ActiveCfg = Debug|Any CPU
		{784DA088-3440-4E62-93A7-39AF3A04F3FD}.Debug|Any CPU.Build.0 = Debug|Any CPU
		{784DA088-3440-4E62-93A7-39AF3A04F3FD}.Release|Any CPU.ActiveCfg = Release|Any CPU
		{784DA088-3440-4E62-93A7-39AF3A04F3FD}.Release|Any CPU.Build.0 = Release|Any CPU
	EndGlobalSection
	GlobalSection(SolutionProperties) = preSolution
		HideSolutionNode = FALSE
	EndGlobalSection
	GlobalSection(ExtensibilityGlobals) = postSolution
		SolutionGuid = {9A677C63-C7B5-401E-9A5D-FACBC2D238FC}
	EndGlobalSection
EndGlobal
